
Microsoft Visual Studio Solution File, Format Version 12.00
# Visual Studio Version 16
VisualStudioVersion = 16.0.32106.194
MinimumVisualStudioVersion = 10.0.40219.1
Project("{FAE04EC0-301F-11D3-BF4B-00C04F79EFBC}") = "CheckersAI", "CheckersAI\CheckersAI.csproj", "{01E79585-C74A-48A8-8412-4B7806203A36}"
EndProject
Global
	GlobalSection(SolutionConfigurationPlatforms) = preSolution
		Debug|Any CPU = Debug|Any CPU
		Release|Any CPU = Release|Any CPU
	EndGlobalSection
	GlobalSection(ProjectConfigurationPlatforms) = postSolution
		{01E79585-C74A-48A8-8412-4B7806203A36}.Debug|Any CPU.ActiveCfg = Debug|Any CPU
		{01E79585-C74A-48A8-8412-4B7806203A36}.Debug|Any CPU.Build.0 = Debug|Any CPU
		{01E79585-C74A-48A8-8412-4B7806203A36}.Release|Any CPU.ActiveCfg = Release|Any CPU
		{01E79585-C74A-48A8-8412-4B7806203A36}.Release|Any CPU.Build.0 = Release|Any CPU
	EndGlobalSection
	GlobalSection(SolutionProperties) = preSolution
		HideSolutionNode = FALSE
	EndGlobalSection
	GlobalSection(ExtensibilityGlobals) = postSolution
		SolutionGuid = {89641E07-7BB6-4189-8D56-812FD5E83128}
	EndGlobalSection
EndGlobal
